
Microsoft Visual Studio Solution File, Format Version 12.00
# Visual Studio Version 16
VisualStudioVersion = 16.6.30114.105
MinimumVisualStudioVersion = 10.0.40219.1
Project("{FAE04EC0-301F-11D3-BF4B-00C04F79EFBC}") = "Section01_Objects_And_Classes", "Section01_Objects_And_Classes\Section01_Objects_And_Classes.csproj", "{39513B4A-168E-4F75-8301-D22F4E3F5277}"
EndProject
Project("{FAE04EC0-301F-11D3-BF4B-00C04F79EFBC}") = "Section02_Methods", "Section02_Methods\Section02_Methods.csproj", "{CCBA8213-4BD4-4C52-B82A-CA2CF93D9090}"
EndProject
Project("{FAE04EC0-301F-11D3-BF4B-00C04F79EFBC}") = "Section03_Encapsulation", "Section03_Encapsulation\Section03_Encapsulation.csproj", "{9C532674-C74F-4346-A65A-39B42C341270}"
EndProject
Global
	GlobalSection(SolutionConfigurationPlatforms) = preSolution
		Debug|Any CPU = Debug|Any CPU
		Debug|x64 = Debug|x64
		Debug|x86 = Debug|x86
		Release|Any CPU = Release|Any CPU
		Release|x64 = Release|x64
		Release|x86 = Release|x86
	EndGlobalSection
	GlobalSection(SolutionProperties) = preSolution
		HideSolutionNode = FALSE
	EndGlobalSection
	GlobalSection(ProjectConfigurationPlatforms) = postSolution
		{39513B4A-168E-4F75-8301-D22F4E3F5277}.Debug|Any CPU.ActiveCfg = Debug|Any CPU
		{39513B4A-168E-4F75-8301-D22F4E3F5277}.Debug|Any CPU.Build.0 = Debug|Any CPU
		{39513B4A-168E-4F75-8301-D22F4E3F5277}.Debug|x64.ActiveCfg = Debug|Any CPU
		{39513B4A-168E-4F75-8301-D22F4E3F5277}.Debug|x64.Build.0 = Debug|Any CPU
		{39513B4A-168E-4F75-8301-D22F4E3F5277}.Debug|x86.ActiveCfg = Debug|Any CPU
		{39513B4A-168E-4F75-8301-D22F4E3F5277}.Debug|x86.Build.0 = Debug|Any CPU
		{39513B4A-168E-4F75-8301-D22F4E3F5277}.Release|Any CPU.ActiveCfg = Release|Any CPU
		{39513B4A-168E-4F75-8301-D22F4E3F5277}.Release|Any CPU.Build.0 = Release|Any CPU
		{39513B4A-168E-4F75-8301-D22F4E3F5277}.Release|x64.ActiveCfg = Release|Any CPU
		{39513B4A-168E-4F75-8301-D22F4E3F5277}.Release|x64.Build.0 = Release|Any CPU
		{39513B4A-168E-4F75-8301-D22F4E3F5277}.Release|x86.ActiveCfg = Release|Any CPU
		{39513B4A-168E-4F75-8301-D22F4E3F5277}.Release|x86.Build.0 = Release|Any CPU
		{CCBA8213-4BD4-4C52-B82A-CA2CF93D9090}.Debug|Any CPU.ActiveCfg = Debug|Any CPU
		{CCBA8213-4BD4-4C52-B82A-CA2CF93D9090}.Debug|Any CPU.Build.0 = Debug|Any CPU
		{CCBA8213-4BD4-4C52-B82A-CA2CF93D9090}.Debug|x64.ActiveCfg = Debug|Any CPU
		{CCBA8213-4BD4-4C52-B82A-CA2CF93D9090}.Debug|x64.Build.0 = Debug|Any CPU
		{CCBA8213-4BD4-4C52-B82A-CA2CF93D9090}.Debug|x86.ActiveCfg = Debug|Any CPU
		{CCBA8213-4BD4-4C52-B82A-CA2CF93D9090}.Debug|x86.Build.0 = Debug|Any CPU
		{CCBA8213-4BD4-4C52-B82A-CA2CF93D9090}.Release|Any CPU.ActiveCfg = Release|Any CPU
		{CCBA8213-4BD4-4C52-B82A-CA2CF93D9090}.Release|Any CPU.Build.0 = Release|Any CPU
		{CCBA8213-4BD4-4C52-B82A-CA2CF93D9090}.Release|x64.ActiveCfg = Release|Any CPU
		{CCBA8213-4BD4-4C52-B82A-CA2CF93D9090}.Release|x64.Build.0 = Release|Any CPU
		{CCBA8213-4BD4-4C52-B82A-CA2CF93D9090}.Release|x86.ActiveCfg = Release|Any CPU
		{CCBA8213-4BD4-4C52-B82A-CA2CF93D9090}.Release|x86.Build.0 = Release|Any CPU
		{9C532674-C74F-4346-A65A-39B42C341270}.Debug|Any CPU.ActiveCfg = Debug|Any CPU
		{9C532674-C74F-4346-A65A-39B42C341270}.Debug|Any CPU.Build.0 = Debug|Any CPU
		{9C532674-C74F-4346-A65A-39B42C341270}.Debug|x64.ActiveCfg = Debug|Any CPU
		{9C532674-C74F-4346-A65A-39B42C341270}.Debug|x64.Build.0 = Debug|Any CPU
		{9C532674-C74F-4346-A65A-39B42C341270}.Debug|x86.ActiveCfg = Debug|Any CPU
		{9C532674-C74F-4346-A65A-39B42C341270}.Debug|x86.Build.0 = Debug|Any CPU
		{9C532674-C74F-4346-A65A-39B42C341270}.Release|Any CPU.ActiveCfg = Release|Any CPU
		{9C532674-C74F-4346-A65A-39B42C341270}.Release|Any CPU.Build.0 = Release|Any CPU
		{9C532674-C74F-4346-A65A-39B42C341270}.Release|x64.ActiveCfg = Release|Any CPU
		{9C532674-C74F-4346-A65A-39B42C341270}.Release|x64.Build.0 = Release|Any CPU
		{9C532674-C74F-4346-A65A-39B42C341270}.Release|x86.ActiveCfg = Release|Any CPU
		{9C532674-C74F-4346-A65A-39B42C341270}.Release|x86.Build.0 = Release|Any CPU
	EndGlobalSection
EndGlobal
